
Microsoft Visual Studio Solution File, Format Version 12.00
# Visual Studio Version 17
VisualStudioVersion = 17.0.31903.59
MinimumVisualStudioVersion = 10.0.40219.1
Project("{2150E333-8FDC-42A3-9474-1A3956D46DE8}") = "src", "src", "{1E77446C-3D78-4688-BBFE-AF37EDFB239B}"
EndProject
Project("{FAE04EC0-301F-11D3-BF4B-00C04F79EFBC}") = "SwaggerDashboard.Domain", "src\SwaggerDashboard.Domain\SwaggerDashboard.Domain.csproj", "{47A63549-34F4-44ED-96C6-EB43EF99DB6A}"
EndProject
Project("{FAE04EC0-301F-11D3-BF4B-00C04F79EFBC}") = "SwaggerDashboard.Application", "src\SwaggerDashboard.Application\SwaggerDashboard.Application.csproj", "{49E32333-C60D-447F-A0B2-6A1D5D5B43E7}"
EndProject
Project("{FAE04EC0-301F-11D3-BF4B-00C04F79EFBC}") = "SwaggerDashboard.Infrastructure", "src\SwaggerDashboard.Infrastructure\SwaggerDashboard.Infrastructure.csproj", "{E33A83EB-8F33-481E-A4C4-B837F41B2BDF}"
EndProject
Project("{FAE04EC0-301F-11D3-BF4B-00C04F79EFBC}") = "SwaggerDashboard.Web", "src\SwaggerDashboard.Web\SwaggerDashboard.Web.csproj", "{CE58892C-EF0D-4FE2-8290-DAC41C77D057}"
EndProject
Project("{2150E333-8FDC-42A3-9474-1A3956D46DE8}") = "tests", "tests", "{6F47BD77-395E-4EB6-90FF-B4204BF09415}"
EndProject
Project("{FAE04EC0-301F-11D3-BF4B-00C04F79EFBC}") = "SwaggerDashboard.Tests", "tests\SwaggerDashboard.Tests\SwaggerDashboard.Tests.csproj", "{C434B83E-D3DD-476D-AAE5-2F5C35CD4288}"
EndProject
Global
	GlobalSection(SolutionConfigurationPlatforms) = preSolution
		Debug|Any CPU = Debug|Any CPU
		Release|Any CPU = Release|Any CPU
	EndGlobalSection
	GlobalSection(SolutionProperties) = preSolution
		HideSolutionNode = FALSE
	EndGlobalSection
	GlobalSection(ProjectConfigurationPlatforms) = postSolution
		{47A63549-34F4-44ED-96C6-EB43EF99DB6A}.Debug|Any CPU.ActiveCfg = Debug|Any CPU
		{47A63549-34F4-44ED-96C6-EB43EF99DB6A}.Debug|Any CPU.Build.0 = Debug|Any CPU
		{47A63549-34F4-44ED-96C6-EB43EF99DB6A}.Release|Any CPU.ActiveCfg = Release|Any CPU
		{47A63549-34F4-44ED-96C6-EB43EF99DB6A}.Release|Any CPU.Build.0 = Release|Any CPU
		{49E32333-C60D-447F-A0B2-6A1D5D5B43E7}.Debug|Any CPU.ActiveCfg = Debug|Any CPU
		{49E32333-C60D-447F-A0B2-6A1D5D5B43E7}.Debug|Any CPU.Build.0 = Debug|Any CPU
		{49E32333-C60D-447F-A0B2-6A1D5D5B43E7}.Release|Any CPU.ActiveCfg = Release|Any CPU
		{49E32333-C60D-447F-A0B2-6A1D5D5B43E7}.Release|Any CPU.Build.0 = Release|Any CPU
		{E33A83EB-8F33-481E-A4C4-B837F41B2BDF}.Debug|Any CPU.ActiveCfg = Debug|Any CPU
		{E33A83EB-8F33-481E-A4C4-B837F41B2BDF}.Debug|Any CPU.Build.0 = Debug|Any CPU
		{E33A83EB-8F33-481E-A4C4-B837F41B2BDF}.Release|Any CPU.ActiveCfg = Release|Any CPU
		{E33A83EB-8F33-481E-A4C4-B837F41B2BDF}.Release|Any CPU.Build.0 = Release|Any CPU
		{CE58892C-EF0D-4FE2-8290-DAC41C77D057}.Debug|Any CPU.ActiveCfg = Debug|Any CPU
		{CE58892C-EF0D-4FE2-8290-DAC41C77D057}.Debug|Any CPU.Build.0 = Debug|Any CPU
		{CE58892C-EF0D-4FE2-8290-DAC41C77D057}.Release|Any CPU.ActiveCfg = Release|Any CPU
		{CE58892C-EF0D-4FE2-8290-DAC41C77D057}.Release|Any CPU.Build.0 = Release|Any CPU
		{C434B83E-D3DD-476D-AAE5-2F5C35CD4288}.Debug|Any CPU.ActiveCfg = Debug|Any CPU
		{C434B83E-D3DD-476D-AAE5-2F5C35CD4288}.Debug|Any CPU.Build.0 = Debug|Any CPU
		{C434B83E-D3DD-476D-AAE5-2F5C35CD4288}.Release|Any CPU.ActiveCfg = Release|Any CPU
		{C434B83E-D3DD-476D-AAE5-2F5C35CD4288}.Release|Any CPU.Build.0 = Release|Any CPU
	EndGlobalSection
	GlobalSection(NestedProjects) = preSolution
		{47A63549-34F4-44ED-96C6-EB43EF99DB6A} = {1E77446C-3D78-4688-BBFE-AF37EDFB239B}
		{49E32333-C60D-447F-A0B2-6A1D5D5B43E7} = {1E77446C-3D78-4688-BBFE-AF37EDFB239B}
		{E33A83EB-8F33-481E-A4C4-B837F41B2BDF} = {1E77446C-3D78-4688-BBFE-AF37EDFB239B}
		{CE58892C-EF0D-4FE2-8290-DAC41C77D057} = {1E77446C-3D78-4688-BBFE-AF37EDFB239B}
		{C434B83E-D3DD-476D-AAE5-2F5C35CD4288} = {6F47BD77-395E-4EB6-90FF-B4204BF09415}
	EndGlobalSection
EndGlobal
